{
  "backtest.py": "a1527f94b0f45ca2073195a29447e7940468cf994dc62a3921dbb02c0833f006",
  "evaluate.py": "fd3ecac7024cc7d7c5df38a9d109a4334673536e7f8c1b5c2946bc617aacc32d",
  "prepare.py": "9096be3559f28b1922fa4d127fb0cab5e672db0d84cd0ea95efb80464f9b152f",
  "toolkit.py": "2b11b1f4d2235ff83503b18f0915781d1f77890cd6896455a96ff37d9ea1e000"
}
